
Microsoft Visual Studio Solution File, Format Version 11.00
# Visual Studio 2010
Project("{FAE04EC0-301F-11D3-BF4B-00C04F79EFBC}") = "Assembly-CSharp", "Assembly-CSharp.csproj", "{A6A3780E-4BB1-68B7-1B28-E67405C90752}"
EndProject
Project("{FAE04EC0-301F-11D3-BF4B-00C04F79EFBC}") = "Assembly-CSharp-firstpass", "Assembly-CSharp-firstpass.csproj", "{81365C9D-5B24-0E2C-A50F-EC61DC426795}"
EndProject
Project("{FAE04EC0-301F-11D3-BF4B-00C04F79EFBC}") = "Assembly-CSharp-Editor-firstpass", "Assembly-CSharp-Editor-firstpass.csproj", "{925EBC10-8F73-FB6B-5CB2-1B7213A60563}"
EndProject
Project("{FAE04EC0-301F-11D3-BF4B-00C04F79EFBC}") = "Assembly-CSharp-Editor", "Assembly-CSharp-Editor.csproj", "{8072DCF4-DAC9-A050-D20B-6F9DBAE9CF0D}"
EndProject
Global
	GlobalSection(SolutionConfigurationPlatforms) = preSolution
		Debug|Any CPU = Debug|Any CPU
		Release|Any CPU = Release|Any CPU
	EndGlobalSection
	GlobalSection(ProjectConfigurationPlatforms) = postSolution
		{A6A3780E-4BB1-68B7-1B28-E67405C90752}.Debug|Any CPU.ActiveCfg = Debug|Any CPU
		{A6A3780E-4BB1-68B7-1B28-E67405C90752}.Debug|Any CPU.Build.0 = Debug|Any CPU
		{A6A3780E-4BB1-68B7-1B28-E67405C90752}.Release|Any CPU.ActiveCfg = Release|Any CPU
		{A6A3780E-4BB1-68B7-1B28-E67405C90752}.Release|Any CPU.Build.0 = Release|Any CPU
		{81365C9D-5B24-0E2C-A50F-EC61DC426795}.Debug|Any CPU.ActiveCfg = Debug|Any CPU
		{81365C9D-5B24-0E2C-A50F-EC61DC426795}.Debug|Any CPU.Build.0 = Debug|Any CPU
		{81365C9D-5B24-0E2C-A50F-EC61DC426795}.Release|Any CPU.ActiveCfg = Release|Any CPU
		{81365C9D-5B24-0E2C-A50F-EC61DC426795}.Release|Any CPU.Build.0 = Release|Any CPU
		{925EBC10-8F73-FB6B-5CB2-1B7213A60563}.Debug|Any CPU.ActiveCfg = Debug|Any CPU
		{925EBC10-8F73-FB6B-5CB2-1B7213A60563}.Debug|Any CPU.Build.0 = Debug|Any CPU
		{925EBC10-8F73-FB6B-5CB2-1B7213A60563}.Release|Any CPU.ActiveCfg = Release|Any CPU
		{925EBC10-8F73-FB6B-5CB2-1B7213A60563}.Release|Any CPU.Build.0 = Release|Any CPU
		{8072DCF4-DAC9-A050-D20B-6F9DBAE9CF0D}.Debug|Any CPU.ActiveCfg = Debug|Any CPU
		{8072DCF4-DAC9-A050-D20B-6F9DBAE9CF0D}.Debug|Any CPU.Build.0 = Debug|Any CPU
		{8072DCF4-DAC9-A050-D20B-6F9DBAE9CF0D}.Release|Any CPU.ActiveCfg = Release|Any CPU
		{8072DCF4-DAC9-A050-D20B-6F9DBAE9CF0D}.Release|Any CPU.Build.0 = Release|Any CPU
	EndGlobalSection
	GlobalSection(SolutionProperties) = preSolution
		HideSolutionNode = FALSE
	EndGlobalSection
EndGlobal
